{
  "pins" : [
    {
      "identity" : "cardstack",
      "kind" : "remoteSourceControl",
      "location" : "https://github.com/nhoogendoorn/CardStack",
      "state" : {
        "branch" : "master",
        "revision" : "48503a18d1ff034a0ba0fa84a962bd7333070995"
      }
    },
    {
      "identity" : "kingfisher",
      "kind" : "remoteSourceControl",
      "location" : "https://github.com/onevcat/Kingfisher.git",
      "state" : {
        "branch" : "master",
        "revision" : "2db469112fbcfd83ff0a96c4546772d283f317f5"
      }
    },
    {
      "identity" : "realm-core",
      "kind" : "remoteSourceControl",
      "location" : "https://github.com/realm/realm-core",
      "state" : {
        "revision" : "b9467f3ecfead791cc87ab70b4f1c3c290be6ffd",
        "version" : "13.4.0"
      }
    },
    {
      "identity" : "realm-swift",
      "kind" : "remoteSourceControl",
      "location" : "https://github.com/realm/realm-swift.git",
      "state" : {
        "revision" : "2ad431604aebedcb7313e1281c62aee4a98fb99e",
        "version" : "10.35.0"
      }
    }
  ],
  "version" : 2
}
